
Microsoft Visual Studio Solution File, Format Version 12.00
# Visual Studio Version 17
VisualStudioVersion = 17.9.34701.34
MinimumVisualStudioVersion = 10.0.40219.1
Project("{FAE04EC0-301F-11D3-BF4B-00C04F79EFBC}") = "DraftProject", "DraftProject\DraftProject.csproj", "{080B65F8-45DD-4CF6-80D7-B453E7FA7301}"
EndProject
Global
	GlobalSection(SolutionConfigurationPlatforms) = preSolution
		Debug|Any CPU = Debug|Any CPU
		Release|Any CPU = Release|Any CPU
	EndGlobalSection
	GlobalSection(ProjectConfigurationPlatforms) = postSolution
		{080B65F8-45DD-4CF6-80D7-B453E7FA7301}.Debug|Any CPU.ActiveCfg = Debug|Any CPU
		{080B65F8-45DD-4CF6-80D7-B453E7FA7301}.Debug|Any CPU.Build.0 = Debug|Any CPU
		{080B65F8-45DD-4CF6-80D7-B453E7FA7301}.Release|Any CPU.ActiveCfg = Release|Any CPU
		{080B65F8-45DD-4CF6-80D7-B453E7FA7301}.Release|Any CPU.Build.0 = Release|Any CPU
	EndGlobalSection
	GlobalSection(SolutionProperties) = preSolution
		HideSolutionNode = FALSE
	EndGlobalSection
	GlobalSection(ExtensibilityGlobals) = postSolution
		SolutionGuid = {B49F8024-C286-43AE-852B-019E4C213276}
	EndGlobalSection
EndGlobal
